
Microsoft Visual Studio Solution File, Format Version 12.00
# Visual Studio 15
VisualStudioVersion = 15.0.26124.0
MinimumVisualStudioVersion = 15.0.26124.0
Project("{FAE04EC0-301F-11D3-BF4B-00C04F79EFBC}") = "AntiKernelBlog", "Src\AntiKernelBlog.csproj", "{26825491-A505-48CE-9EE2-3AF579E779CC}"
EndProject
Project("{FAE04EC0-301F-11D3-BF4B-00C04F79EFBC}") = "AntiKernelTest", "Test\AntiKernelTest.csproj", "{896A1A04-08D9-4F0C-9F06-0ECB041C031C}"
EndProject
Global
	GlobalSection(SolutionConfigurationPlatforms) = preSolution
		Debug|Any CPU = Debug|Any CPU
		Debug|x64 = Debug|x64
		Debug|x86 = Debug|x86
		Release|Any CPU = Release|Any CPU
		Release|x64 = Release|x64
		Release|x86 = Release|x86
	EndGlobalSection
	GlobalSection(SolutionProperties) = preSolution
		HideSolutionNode = FALSE
	EndGlobalSection
	GlobalSection(ProjectConfigurationPlatforms) = postSolution
		{26825491-A505-48CE-9EE2-3AF579E779CC}.Debug|Any CPU.ActiveCfg = Debug|Any CPU
		{26825491-A505-48CE-9EE2-3AF579E779CC}.Debug|Any CPU.Build.0 = Debug|Any CPU
		{26825491-A505-48CE-9EE2-3AF579E779CC}.Debug|x64.ActiveCfg = Debug|Any CPU
		{26825491-A505-48CE-9EE2-3AF579E779CC}.Debug|x64.Build.0 = Debug|Any CPU
		{26825491-A505-48CE-9EE2-3AF579E779CC}.Debug|x86.ActiveCfg = Debug|Any CPU
		{26825491-A505-48CE-9EE2-3AF579E779CC}.Debug|x86.Build.0 = Debug|Any CPU
		{26825491-A505-48CE-9EE2-3AF579E779CC}.Release|Any CPU.ActiveCfg = Release|Any CPU
		{26825491-A505-48CE-9EE2-3AF579E779CC}.Release|Any CPU.Build.0 = Release|Any CPU
		{26825491-A505-48CE-9EE2-3AF579E779CC}.Release|x64.ActiveCfg = Release|Any CPU
		{26825491-A505-48CE-9EE2-3AF579E779CC}.Release|x64.Build.0 = Release|Any CPU
		{26825491-A505-48CE-9EE2-3AF579E779CC}.Release|x86.ActiveCfg = Release|Any CPU
		{26825491-A505-48CE-9EE2-3AF579E779CC}.Release|x86.Build.0 = Release|Any CPU
		{896A1A04-08D9-4F0C-9F06-0ECB041C031C}.Debug|Any CPU.ActiveCfg = Debug|Any CPU
		{896A1A04-08D9-4F0C-9F06-0ECB041C031C}.Debug|Any CPU.Build.0 = Debug|Any CPU
		{896A1A04-08D9-4F0C-9F06-0ECB041C031C}.Debug|x64.ActiveCfg = Debug|Any CPU
		{896A1A04-08D9-4F0C-9F06-0ECB041C031C}.Debug|x64.Build.0 = Debug|Any CPU
		{896A1A04-08D9-4F0C-9F06-0ECB041C031C}.Debug|x86.ActiveCfg = Debug|Any CPU
		{896A1A04-08D9-4F0C-9F06-0ECB041C031C}.Debug|x86.Build.0 = Debug|Any CPU
		{896A1A04-08D9-4F0C-9F06-0ECB041C031C}.Release|Any CPU.ActiveCfg = Release|Any CPU
		{896A1A04-08D9-4F0C-9F06-0ECB041C031C}.Release|Any CPU.Build.0 = Release|Any CPU
		{896A1A04-08D9-4F0C-9F06-0ECB041C031C}.Release|x64.ActiveCfg = Release|Any CPU
		{896A1A04-08D9-4F0C-9F06-0ECB041C031C}.Release|x64.Build.0 = Release|Any CPU
		{896A1A04-08D9-4F0C-9F06-0ECB041C031C}.Release|x86.ActiveCfg = Release|Any CPU
		{896A1A04-08D9-4F0C-9F06-0ECB041C031C}.Release|x86.Build.0 = Release|Any CPU
	EndGlobalSection
EndGlobal
